
Microsoft Visual Studio Solution File, Format Version 12.00
# Visual Studio Version 16
VisualStudioVersion = 16.0.30114.105
MinimumVisualStudioVersion = 10.0.40219.1
Project("{FAE04EC0-301F-11D3-BF4B-00C04F79EFBC}") = "Website_Ecommerce.API", "Website_Ecommerce.API\Website_Ecommerce.API.csproj", "{EDB9A9E8-5458-433A-939B-96A7106148CB}"
EndProject
Global
	GlobalSection(SolutionConfigurationPlatforms) = preSolution
		Debug|Any CPU = Debug|Any CPU
		Release|Any CPU = Release|Any CPU
	EndGlobalSection
	GlobalSection(SolutionProperties) = preSolution
		HideSolutionNode = FALSE
	EndGlobalSection
	GlobalSection(ProjectConfigurationPlatforms) = postSolution
		{EDB9A9E8-5458-433A-939B-96A7106148CB}.Debug|Any CPU.ActiveCfg = Debug|Any CPU
		{EDB9A9E8-5458-433A-939B-96A7106148CB}.Debug|Any CPU.Build.0 = Debug|Any CPU
		{EDB9A9E8-5458-433A-939B-96A7106148CB}.Release|Any CPU.ActiveCfg = Release|Any CPU
		{EDB9A9E8-5458-433A-939B-96A7106148CB}.Release|Any CPU.Build.0 = Release|Any CPU
	EndGlobalSection
EndGlobal
